# @generated - this file is auto-generated by `mise lock` https://mise.en.dev/dev-tools/mise-lock.html

[conda-packages.linux-arm64."_openmp_mutex-4.5-20_gnu"]
url = "https://conda.anaconda.org/conda-forge/linux-aarch64/_openmp_mutex-4.5-20_gnu.conda"
checksum = "sha256:a2527b1d81792a0ccd2c05850960df119c2b6d8f5fdec97f2db7d25dc23b1068"

[conda-packages.linux-arm64."libgcc-15.2.0-h8acb6b2_19"]
url = "https://conda.anaconda.org/conda-forge/linux-aarch64/libgcc-15.2.0-h8acb6b2_19.conda"
checksum = "sha256:4592b096e553f67799ae70d4b6167eeda3ec74587d68c7aecbf4e7b1df136681"

[conda-packages.linux-arm64."libgomp-15.2.0-h8acb6b2_19"]
url = "https://conda.anaconda.org/conda-forge/linux-aarch64/libgomp-15.2.0-h8acb6b2_19.conda"
checksum = "sha256:2370ef0ffcbae5bede3c4bf136add4abc257245eb91f724c99bb4a43116c5a83"

[conda-packages.linux-arm64-musl."_openmp_mutex-4.5-20_gnu"]
url = "https://conda.anaconda.org/conda-forge/linux-aarch64/_openmp_mutex-4.5-20_gnu.conda"
checksum = "sha256:a2527b1d81792a0ccd2c05850960df119c2b6d8f5fdec97f2db7d25dc23b1068"

[conda-packages.linux-arm64-musl."libgcc-15.2.0-h8acb6b2_19"]
url = "https://conda.anaconda.org/conda-forge/linux-aarch64/libgcc-15.2.0-h8acb6b2_19.conda"
checksum = "sha256:4592b096e553f67799ae70d4b6167eeda3ec74587d68c7aecbf4e7b1df136681"

[conda-packages.linux-arm64-musl."libgomp-15.2.0-h8acb6b2_19"]
url = "https://conda.anaconda.org/conda-forge/linux-aarch64/libgomp-15.2.0-h8acb6b2_19.conda"
checksum = "sha256:2370ef0ffcbae5bede3c4bf136add4abc257245eb91f724c99bb4a43116c5a83"

[conda-packages.linux-x64."_openmp_mutex-4.5-20_gnu"]
url = "https://conda.anaconda.org/conda-forge/linux-64/_openmp_mutex-4.5-20_gnu.conda"
checksum = "sha256:1dd3fffd892081df9726d7eb7e0dea6198962ba775bd88842135a4ddb4deb3c9"

[conda-packages.linux-x64."libgcc-15.2.0-he0feb66_19"]
url = "https://conda.anaconda.org/conda-forge/linux-64/libgcc-15.2.0-he0feb66_19.conda"
checksum = "sha256:8e0a3b5e41272e5678499b5dfc4cddb673f9e935de01eb0767ce857001229f46"

[conda-packages.linux-x64."libgomp-15.2.0-he0feb66_19"]
url = "https://conda.anaconda.org/conda-forge/linux-64/libgomp-15.2.0-he0feb66_19.conda"
checksum = "sha256:5abe4ab9d93f6c9757d654f1969ae2267d4505315c1f2f8fe705fd60af084f1b"

[conda-packages.linux-x64-musl."_openmp_mutex-4.5-20_gnu"]
url = "https://conda.anaconda.org/conda-forge/linux-64/_openmp_mutex-4.5-20_gnu.conda"
checksum = "sha256:1dd3fffd892081df9726d7eb7e0dea6198962ba775bd88842135a4ddb4deb3c9"

[conda-packages.linux-x64-musl."libgcc-15.2.0-he0feb66_19"]
url = "https://conda.anaconda.org/conda-forge/linux-64/libgcc-15.2.0-he0feb66_19.conda"
checksum = "sha256:8e0a3b5e41272e5678499b5dfc4cddb673f9e935de01eb0767ce857001229f46"

[conda-packages.linux-x64-musl."libgomp-15.2.0-he0feb66_19"]
url = "https://conda.anaconda.org/conda-forge/linux-64/libgomp-15.2.0-he0feb66_19.conda"
checksum = "sha256:5abe4ab9d93f6c9757d654f1969ae2267d4505315c1f2f8fe705fd60af084f1b"

[conda-packages.windows-x64."_openmp_mutex-4.5-20_gnu"]
url = "https://conda.anaconda.org/conda-forge/win-64/_openmp_mutex-4.5-20_gnu.conda"
checksum = "sha256:8a1cee28bd0ee7451ada1cd50b64720e57e17ff994fc62dd8329bef570d382e4"

[conda-packages.windows-x64."libgcc-15.2.0-h8ee18e1_19"]
url = "https://conda.anaconda.org/conda-forge/win-64/libgcc-15.2.0-h8ee18e1_19.conda"
checksum = "sha256:80e80ef5e31b00b12539db3c5aaecde60dab91381abfc1060e323d5c3b016dce"

[conda-packages.windows-x64."libgomp-15.2.0-h8ee18e1_19"]
url = "https://conda.anaconda.org/conda-forge/win-64/libgomp-15.2.0-h8ee18e1_19.conda"
checksum = "sha256:4dc958ced2fc7f42bc675b07e2c9abe3e150875ffdf62ca551d94fc6facf1fd7"

[conda-packages.windows-x64."libwinpthread-12.0.0.r4.gg4f2fc60ca-h57928b3_10"]
url = "https://conda.anaconda.org/conda-forge/win-64/libwinpthread-12.0.0.r4.gg4f2fc60ca-h57928b3_10.conda"
checksum = "sha256:0fccf2d17026255b6e10ace1f191d0a2a18f2d65088fd02430be17c701f8ffe0"

[conda-packages.windows-x64."ucrt-10.0.26100.0-h57928b3_0"]
url = "https://conda.anaconda.org/conda-forge/win-64/ucrt-10.0.26100.0-h57928b3_0.conda"
checksum = "sha256:3005729dce6f3d3f5ec91dfc49fc75a0095f9cd23bab49efb899657297ac91a5"

[[tools."aqua:joshmedeski/sesh"]]
version = "2.26.2"
backend = "aqua:joshmedeski/sesh"

[tools."aqua:joshmedeski/sesh"."platforms.linux-arm64"]
checksum = "sha256:4cd88d205ab07691e6bac05f7df3517998fc8fffd88806e23705da762da84224"
url = "https://github.com/joshmedeski/sesh/releases/download/v2.26.2/sesh_Linux_arm64.tar.gz"

[tools."aqua:joshmedeski/sesh"."platforms.linux-arm64-musl"]
checksum = "sha256:4cd88d205ab07691e6bac05f7df3517998fc8fffd88806e23705da762da84224"
url = "https://github.com/joshmedeski/sesh/releases/download/v2.26.2/sesh_Linux_arm64.tar.gz"

[tools."aqua:joshmedeski/sesh"."platforms.linux-x64"]
checksum = "sha256:4a5cdd75a38c6e3167ab80d419a9973097b2f7e1b63c8150c4e6db8e40c6d803"
url = "https://github.com/joshmedeski/sesh/releases/download/v2.26.2/sesh_Linux_x86_64.tar.gz"

[tools."aqua:joshmedeski/sesh"."platforms.linux-x64-musl"]
checksum = "sha256:4a5cdd75a38c6e3167ab80d419a9973097b2f7e1b63c8150c4e6db8e40c6d803"
url = "https://github.com/joshmedeski/sesh/releases/download/v2.26.2/sesh_Linux_x86_64.tar.gz"

[tools."aqua:joshmedeski/sesh"."platforms.macos-arm64"]
checksum = "sha256:ff4cd5d1b15e4319f578fb9ac5a2784ace38b1b5c5a65924b09e378fd7696c48"
url = "https://github.com/joshmedeski/sesh/releases/download/v2.26.2/sesh_Darwin_arm64.tar.gz"

[tools."aqua:joshmedeski/sesh"."platforms.macos-x64"]
checksum = "sha256:f9921664081330579b3d71209719e342428975777b6f9ea6414771d9c7f9b9ee"
url = "https://github.com/joshmedeski/sesh/releases/download/v2.26.2/sesh_Darwin_x86_64.tar.gz"

[tools."aqua:joshmedeski/sesh"."platforms.windows-x64"]
checksum = "sha256:6e602704ef30340aa86bd80436a6767aa2ae4a5cc9fadf3540c26777f9cb9349"
url = "https://github.com/joshmedeski/sesh/releases/download/v2.26.2/sesh_Windows_x86_64.zip"

[[tools.bat]]
version = "0.26.1"
backend = "aqua:sharkdp/bat"

[tools.bat."platforms.linux-arm64"]
checksum = "sha256:6369242c584065f195fb20cb36fbd7cb63ae690605bbe89868a7596b596c2c23"
url = "https://github.com/sharkdp/bat/releases/download/v0.26.1/bat-v0.26.1-aarch64-unknown-linux-musl.tar.gz"

[tools.bat."platforms.linux-arm64-musl"]
checksum = "sha256:6369242c584065f195fb20cb36fbd7cb63ae690605bbe89868a7596b596c2c23"
url = "https://github.com/sharkdp/bat/releases/download/v0.26.1/bat-v0.26.1-aarch64-unknown-linux-musl.tar.gz"

[tools.bat."platforms.linux-x64"]
checksum = "sha256:0dcd8ac79732c0d5b136f11f4ee00e581440e16a44eab5b3105b611bbf2cf191"
url = "https://github.com/sharkdp/bat/releases/download/v0.26.1/bat-v0.26.1-x86_64-unknown-linux-musl.tar.gz"

[tools.bat."platforms.linux-x64-musl"]
checksum = "sha256:0dcd8ac79732c0d5b136f11f4ee00e581440e16a44eab5b3105b611bbf2cf191"
url = "https://github.com/sharkdp/bat/releases/download/v0.26.1/bat-v0.26.1-x86_64-unknown-linux-musl.tar.gz"

[tools.bat."platforms.macos-arm64"]
checksum = "sha256:e30beff26779c9bf60bb541e1d79046250cb74378f2757f8eb250afddb19e114"
url = "https://github.com/sharkdp/bat/releases/download/v0.26.1/bat-v0.26.1-aarch64-apple-darwin.tar.gz"

[tools.bat."platforms.macos-x64"]
checksum = "sha256:830d63b0bba1fa040542ec569e3cf77f60d3356b9de75116a344b061e0894245"
url = "https://github.com/sharkdp/bat/releases/download/v0.26.1/bat-v0.26.1-x86_64-apple-darwin.tar.gz"

[tools.bat."platforms.windows-x64"]
checksum = "sha256:0f729b4b6f5f28d395c641eacc2e9ff68d0096b85aa0eec344aa62425144b69b"
url = "https://github.com/sharkdp/bat/releases/download/v0.26.1/bat-v0.26.1-x86_64-pc-windows-msvc.zip"

[[tools.delta]]
version = "0.19.2"
backend = "aqua:dandavison/delta"

[tools.delta."platforms.linux-arm64"]
checksum = "sha256:0bfce159a5cddd5feb3d6db4a616d883ff51253ce08ac7ec11cb1d208cfaab9e"
url = "https://github.com/dandavison/delta/releases/download/0.19.2/delta-0.19.2-aarch64-unknown-linux-gnu.tar.gz"

[tools.delta."platforms.linux-x64"]
checksum = "sha256:f1ea01ca7728ce3462debc359f39dfc7cbbc1a63224b71fefabf92042864aa1b"
url = "https://github.com/dandavison/delta/releases/download/0.19.2/delta-0.19.2-x86_64-unknown-linux-musl.tar.gz"

[tools.delta."platforms.linux-x64-musl"]
checksum = "sha256:f1ea01ca7728ce3462debc359f39dfc7cbbc1a63224b71fefabf92042864aa1b"
url = "https://github.com/dandavison/delta/releases/download/0.19.2/delta-0.19.2-x86_64-unknown-linux-musl.tar.gz"

[tools.delta."platforms.macos-arm64"]
checksum = "sha256:9be36612a5a13e9e386dc498fb8e50dc87c72ee42b63db0ea05b32f99a72a69a"
url = "https://github.com/dandavison/delta/releases/download/0.19.2/delta-0.19.2-aarch64-apple-darwin.tar.gz"

[tools.delta."platforms.windows-x64"]
checksum = "sha256:ac8ebb4a9f1cbee8b9ea897ba119808a244181adae6f3bed1f3b6b923c50b557"
url = "https://github.com/dandavison/delta/releases/download/0.19.2/delta-0.19.2-x86_64-pc-windows-msvc.zip"

[[tools.difftastic]]
version = "0.69.0"
backend = "aqua:Wilfred/difftastic"

[tools.difftastic."platforms.linux-arm64"]
checksum = "sha256:abd2f42d2afd424312b4862aa7c7bb0320447670ae22fabcc5159db03e2dccbd"
url = "https://github.com/Wilfred/difftastic/releases/download/0.69.0/difft-aarch64-unknown-linux-gnu.tar.gz"

[tools.difftastic."platforms.linux-x64"]
checksum = "sha256:c120a4315b33e89678d52b47ea0097cdb1fb57b4f3910b4d77cbeee5eecc8ced"
url = "https://github.com/Wilfred/difftastic/releases/download/0.69.0/difft-x86_64-unknown-linux-musl.tar.gz"

[tools.difftastic."platforms.linux-x64-musl"]
checksum = "sha256:c120a4315b33e89678d52b47ea0097cdb1fb57b4f3910b4d77cbeee5eecc8ced"
url = "https://github.com/Wilfred/difftastic/releases/download/0.69.0/difft-x86_64-unknown-linux-musl.tar.gz"

[tools.difftastic."platforms.macos-arm64"]
checksum = "sha256:c958b87885a5825a356c5899ac7ecdd752a7942084199f2be4bc0bf8c9de8e33"
url = "https://github.com/Wilfred/difftastic/releases/download/0.69.0/difft-aarch64-apple-darwin.tar.gz"

[tools.difftastic."platforms.macos-x64"]
checksum = "sha256:5f5487e7a6e817194a1cef297d2ffb300454371635a4cde865087dbc064730a2"
url = "https://github.com/Wilfred/difftastic/releases/download/0.69.0/difft-x86_64-apple-darwin.tar.gz"

[tools.difftastic."platforms.windows-x64"]
checksum = "sha256:a5adbf57eb1b923b62d1c3596c4f827df143f5b52cfba48bb9e83f41dea90c02"
url = "https://github.com/Wilfred/difftastic/releases/download/0.69.0/difft-x86_64-pc-windows-msvc.zip"

[[tools.dotnet]]
version = "10.0.301"
backend = "core:dotnet"

[[tools.eza]]
version = "0.23.4"
backend = "aqua:eza-community/eza"

[tools.eza."platforms.linux-arm64"]
checksum = "sha256:366e8430225f9955c3dc659b452150c169894833ccfef455e01765e265a3edda"
url = "https://github.com/eza-community/eza/releases/download/v0.23.4/eza_aarch64-unknown-linux-gnu.tar.gz"

[tools.eza."platforms.linux-x64"]
checksum = "sha256:d231bb3ee33b08c76279b5888845dceb7034d055c42bb9be46dbe0dae39394df"
url = "https://github.com/eza-community/eza/releases/download/v0.23.4/eza_x86_64-unknown-linux-musl.tar.gz"

[tools.eza."platforms.linux-x64-musl"]
checksum = "sha256:d231bb3ee33b08c76279b5888845dceb7034d055c42bb9be46dbe0dae39394df"
url = "https://github.com/eza-community/eza/releases/download/v0.23.4/eza_x86_64-unknown-linux-musl.tar.gz"

[tools.eza."platforms.windows-x64"]
checksum = "sha256:4d4f87f6bc8e6ee176789c28bee698234ce0275da013709eb16b0f14819c1688"
url = "https://github.com/eza-community/eza/releases/download/v0.23.4/eza.exe_x86_64-pc-windows-gnu.tar.gz"

[[tools.fd]]
version = "10.4.2"
backend = "aqua:sharkdp/fd"

[tools.fd."platforms.linux-arm64"]
checksum = "sha256:f32d3657473fba74e2600babc8db0b93420d51169223b7e8143b2ed55d8fd9e8"
url = "https://github.com/sharkdp/fd/releases/download/v10.4.2/fd-v10.4.2-aarch64-unknown-linux-musl.tar.gz"

[tools.fd."platforms.linux-arm64-musl"]
checksum = "sha256:f32d3657473fba74e2600babc8db0b93420d51169223b7e8143b2ed55d8fd9e8"
url = "https://github.com/sharkdp/fd/releases/download/v10.4.2/fd-v10.4.2-aarch64-unknown-linux-musl.tar.gz"

[tools.fd."platforms.linux-x64"]
checksum = "sha256:e3257d48e29a6be965187dbd24ce9af564e0fe67b3e73c9bdcd180f4ec11bdde"
url = "https://github.com/sharkdp/fd/releases/download/v10.4.2/fd-v10.4.2-x86_64-unknown-linux-musl.tar.gz"

[tools.fd."platforms.linux-x64-musl"]
checksum = "sha256:e3257d48e29a6be965187dbd24ce9af564e0fe67b3e73c9bdcd180f4ec11bdde"
url = "https://github.com/sharkdp/fd/releases/download/v10.4.2/fd-v10.4.2-x86_64-unknown-linux-musl.tar.gz"

[tools.fd."platforms.macos-arm64"]
checksum = "sha256:623dc0afc81b92e4d4606b380d7bc91916ba7b97814263e554d50923a39e480a"
url = "https://github.com/sharkdp/fd/releases/download/v10.4.2/fd-v10.4.2-aarch64-apple-darwin.tar.gz"

[tools.fd."platforms.windows-x64"]
checksum = "sha256:b2816e506390a89941c63c9187d58a3cc10e9a55f2ef0685f9ea0eccaf7c98c8"
url = "https://github.com/sharkdp/fd/releases/download/v10.4.2/fd-v10.4.2-x86_64-pc-windows-msvc.zip"

[[tools.fzf]]
version = "0.73.1"
backend = "aqua:junegunn/fzf"

[tools.fzf."platforms.linux-arm64"]
checksum = "sha256:a408b0b6c08d486307b8f1554f967b8b50ee1b3ea8b4035e3161bab31fdfc28d"
url = "https://github.com/junegunn/fzf/releases/download/v0.73.1/fzf-0.73.1-linux_arm64.tar.gz"

[tools.fzf."platforms.linux-arm64-musl"]
checksum = "sha256:a408b0b6c08d486307b8f1554f967b8b50ee1b3ea8b4035e3161bab31fdfc28d"
url = "https://github.com/junegunn/fzf/releases/download/v0.73.1/fzf-0.73.1-linux_arm64.tar.gz"

[tools.fzf."platforms.linux-x64"]
checksum = "sha256:f3252c2c366bc1700d3c85781ec8c9695998927ac127870eb049ceea2d540f8a"
url = "https://github.com/junegunn/fzf/releases/download/v0.73.1/fzf-0.73.1-linux_amd64.tar.gz"

[tools.fzf."platforms.linux-x64-musl"]
checksum = "sha256:f3252c2c366bc1700d3c85781ec8c9695998927ac127870eb049ceea2d540f8a"
url = "https://github.com/junegunn/fzf/releases/download/v0.73.1/fzf-0.73.1-linux_amd64.tar.gz"

[tools.fzf."platforms.macos-arm64"]
checksum = "sha256:d27fd68c04fb9b42f7c73a3f7d38069a74d308e40174f64a072c747213e97286"
url = "https://github.com/junegunn/fzf/releases/download/v0.73.1/fzf-0.73.1-darwin_arm64.tar.gz"

[tools.fzf."platforms.macos-x64"]
checksum = "sha256:75bbf15248d1cf0a13eafc75b8a55f5075c437e2ba6d76899afc53f4f3e1b38c"
url = "https://github.com/junegunn/fzf/releases/download/v0.73.1/fzf-0.73.1-darwin_amd64.tar.gz"

[tools.fzf."platforms.windows-x64"]
checksum = "sha256:521a974dc32e93404265e55bffaf71a59e05e80abdf8ca4afb21a6030dc76f5f"
url = "https://github.com/junegunn/fzf/releases/download/v0.73.1/fzf-0.73.1-windows_amd64.zip"

[[tools.github-cli]]
version = "2.93.0"
backend = "aqua:cli/cli"

[tools.github-cli."platforms.linux-arm64"]
checksum = "sha256:c55feb33684abba57e9909737340d5b39282257c0363e1edde6785ac4a413be7"
url = "https://github.com/cli/cli/releases/download/v2.93.0/gh_2.93.0_linux_arm64.tar.gz"
provenance = "github-attestations"

[tools.github-cli."platforms.linux-arm64-musl"]
checksum = "sha256:c55feb33684abba57e9909737340d5b39282257c0363e1edde6785ac4a413be7"
url = "https://github.com/cli/cli/releases/download/v2.93.0/gh_2.93.0_linux_arm64.tar.gz"
provenance = "github-attestations"

[tools.github-cli."platforms.linux-x64"]
checksum = "sha256:02d1290eba130e0b896f3709ffff22e1c75a51475ddb70476a85abc6b5807af0"
url = "https://github.com/cli/cli/releases/download/v2.93.0/gh_2.93.0_linux_amd64.tar.gz"
provenance = "github-attestations"

[tools.github-cli."platforms.linux-x64-musl"]
checksum = "sha256:02d1290eba130e0b896f3709ffff22e1c75a51475ddb70476a85abc6b5807af0"
url = "https://github.com/cli/cli/releases/download/v2.93.0/gh_2.93.0_linux_amd64.tar.gz"
provenance = "github-attestations"

[tools.github-cli."platforms.macos-arm64"]
checksum = "sha256:a86be4e0a86c26456cf71177d6572d6f1165cf1679e532b72f7f15918ee51fd2"
url = "https://github.com/cli/cli/releases/download/v2.93.0/gh_2.93.0_macOS_arm64.zip"
provenance = "github-attestations"

[tools.github-cli."platforms.macos-x64"]
checksum = "sha256:009425b9d175c482037fe25181817fd6b1ea3ae1f51cfae0e18f29f33d3152ac"
url = "https://github.com/cli/cli/releases/download/v2.93.0/gh_2.93.0_macOS_amd64.zip"
provenance = "github-attestations"

[tools.github-cli."platforms.windows-x64"]
checksum = "sha256:77aa01ed7317295ad550de0ad04f3f276b1ef0e9272e3d002ac28dd99853d211"
url = "https://github.com/cli/cli/releases/download/v2.93.0/gh_2.93.0_windows_amd64.zip"
provenance = "github-attestations"

[[tools."github:owenthereal/upterm"]]
version = "0.24.0"
backend = "github:owenthereal/upterm"

[tools."github:owenthereal/upterm"."platforms.linux-arm64"]
checksum = "sha256:9015aabeeb837ef4c503db56a54a90139b5965a9f16f162b098b1c5acf8d1584"
url = "https://github.com/owenthereal/upterm/releases/download/v0.24.0/upterm_linux_arm64.tar.gz"
url_api = "https://api.github.com/repos/owenthereal/upterm/releases/assets/413207425"

[tools."github:owenthereal/upterm"."platforms.linux-arm64-musl"]
checksum = "sha256:9015aabeeb837ef4c503db56a54a90139b5965a9f16f162b098b1c5acf8d1584"
url = "https://github.com/owenthereal/upterm/releases/download/v0.24.0/upterm_linux_arm64.tar.gz"
url_api = "https://api.github.com/repos/owenthereal/upterm/releases/assets/413207425"

[tools."github:owenthereal/upterm"."platforms.linux-x64"]
checksum = "sha256:a6324d76c6d962236c22e4a27a2c4ffd17aef11dfa3da33d14dfcff4f4de60b3"
url = "https://github.com/owenthereal/upterm/releases/download/v0.24.0/upterm_linux_amd64.tar.gz"
url_api = "https://api.github.com/repos/owenthereal/upterm/releases/assets/413207400"

[tools."github:owenthereal/upterm"."platforms.linux-x64-musl"]
checksum = "sha256:a6324d76c6d962236c22e4a27a2c4ffd17aef11dfa3da33d14dfcff4f4de60b3"
url = "https://github.com/owenthereal/upterm/releases/download/v0.24.0/upterm_linux_amd64.tar.gz"
url_api = "https://api.github.com/repos/owenthereal/upterm/releases/assets/413207400"

[tools."github:owenthereal/upterm"."platforms.macos-arm64"]
checksum = "sha256:aafa1330bb452abd308b78ed2cead7c8bdcb1aa2c486468fbd47dd4b567a8b30"
url = "https://github.com/owenthereal/upterm/releases/download/v0.24.0/upterm_darwin_arm64.tar.gz"
url_api = "https://api.github.com/repos/owenthereal/upterm/releases/assets/413207414"

[tools."github:owenthereal/upterm"."platforms.macos-x64"]
checksum = "sha256:cc65a3c73e993ba22ef0fffd028dfb363529d71968380bf8f2a9804d53fe7f0a"
url = "https://github.com/owenthereal/upterm/releases/download/v0.24.0/upterm_darwin_amd64.tar.gz"
url_api = "https://api.github.com/repos/owenthereal/upterm/releases/assets/413207402"

[tools."github:owenthereal/upterm"."platforms.windows-x64"]
checksum = "sha256:589167d66b4321b118f413a3451d4442039a9eb364567c5497a95532b1260952"
url = "https://github.com/owenthereal/upterm/releases/download/v0.24.0/upterm_windows_amd64.tar.gz"
url_api = "https://api.github.com/repos/owenthereal/upterm/releases/assets/413207435"

[[tools.helm]]
version = "4.2.0"
backend = "aqua:helm/helm"

[tools.helm."platforms.linux-arm64"]
checksum = "sha256:1f8de130dfbd04de64978e7b852a7a547be1404956a366608276d2520b678670"
url = "https://get.helm.sh/helm-v4.2.0-linux-arm64.tar.gz"

[tools.helm."platforms.linux-arm64-musl"]
checksum = "sha256:1f8de130dfbd04de64978e7b852a7a547be1404956a366608276d2520b678670"
url = "https://get.helm.sh/helm-v4.2.0-linux-arm64.tar.gz"

[tools.helm."platforms.linux-x64"]
checksum = "sha256:97dbeb971be4ac4b27e3839976d9564c0fb35c6f3b1da89dd1e292d236af4096"
url = "https://get.helm.sh/helm-v4.2.0-linux-amd64.tar.gz"

[tools.helm."platforms.linux-x64-musl"]
checksum = "sha256:97dbeb971be4ac4b27e3839976d9564c0fb35c6f3b1da89dd1e292d236af4096"
url = "https://get.helm.sh/helm-v4.2.0-linux-amd64.tar.gz"

[tools.helm."platforms.macos-arm64"]
checksum = "sha256:f13f959015447b6bc309f9fd506509926543988a39035c088b52522ec95e2acb"
url = "https://get.helm.sh/helm-v4.2.0-darwin-arm64.tar.gz"

[tools.helm."platforms.macos-x64"]
checksum = "sha256:1376ea697140e4db316736e760d5a47d12afc1524dce704476ef06fd7fdeddc6"
url = "https://get.helm.sh/helm-v4.2.0-darwin-amd64.tar.gz"

[tools.helm."platforms.windows-x64"]
checksum = "sha256:34bf9659f8f04f3841a60131183b8e2acc44e260db4c93b889ff09718cacca6f"
url = "https://get.helm.sh/helm-v4.2.0-windows-amd64.tar.gz"

[[tools."http:git-credential-manager"]]
version = "2.8.0"
backend = "http:git-credential-manager"

[tools."http:git-credential-manager"."platforms.linux-arm64"]
url = "https://github.com/git-ecosystem/git-credential-manager/releases/download/v2.8.0/gcm-linux-x64-2.8.0.tar.gz"

[tools."http:git-credential-manager"."platforms.linux-arm64-musl"]
url = "https://github.com/git-ecosystem/git-credential-manager/releases/download/v2.8.0/gcm-linux-x64-2.8.0.tar.gz"

[tools."http:git-credential-manager"."platforms.linux-x64"]
checksum = "blake3:f5d1d5fd5ccf3728e44cb7ec5d182453de34f6ff24478fa272b3cad98f62099e"
url = "https://github.com/git-ecosystem/git-credential-manager/releases/download/v2.8.0/gcm-linux-x64-2.8.0.tar.gz"

[tools."http:git-credential-manager"."platforms.linux-x64-musl"]
url = "https://github.com/git-ecosystem/git-credential-manager/releases/download/v2.8.0/gcm-linux-x64-2.8.0.tar.gz"

[tools."http:git-credential-manager"."platforms.macos-arm64"]
url = "https://github.com/git-ecosystem/git-credential-manager/releases/download/v2.8.0/gcm-linux-x64-2.8.0.tar.gz"

[tools."http:git-credential-manager"."platforms.macos-x64"]
url = "https://github.com/git-ecosystem/git-credential-manager/releases/download/v2.8.0/gcm-linux-x64-2.8.0.tar.gz"

[tools."http:git-credential-manager"."platforms.windows-x64"]
url = "https://github.com/git-ecosystem/git-credential-manager/releases/download/v2.8.0/gcm-linux-x64-2.8.0.tar.gz"

[[tools.jq]]
version = "1.8.2"
backend = "aqua:jqlang/jq"

[tools.jq."platforms.linux-arm64"]
checksum = "sha256:8b85c817833814ddca00a144c33705546355afccf0cf39b188f3cdb48b852309"
url = "https://github.com/jqlang/jq/releases/download/jq-1.8.2/jq-linux-arm64"
provenance = "github-attestations"

[tools.jq."platforms.linux-arm64-musl"]
checksum = "sha256:8b85c817833814ddca00a144c33705546355afccf0cf39b188f3cdb48b852309"
url = "https://github.com/jqlang/jq/releases/download/jq-1.8.2/jq-linux-arm64"
provenance = "github-attestations"

[tools.jq."platforms.linux-x64"]
checksum = "sha256:b1c22172dd303f3be49e935aa56aa48a8b7a46e0bc838b4997d3bb451495870f"
url = "https://github.com/jqlang/jq/releases/download/jq-1.8.2/jq-linux-amd64"
provenance = "github-attestations"

[tools.jq."platforms.linux-x64-musl"]
checksum = "sha256:b1c22172dd303f3be49e935aa56aa48a8b7a46e0bc838b4997d3bb451495870f"
url = "https://github.com/jqlang/jq/releases/download/jq-1.8.2/jq-linux-amd64"
provenance = "github-attestations"

[tools.jq."platforms.macos-arm64"]
checksum = "sha256:2d75340ba57a4b4b4c8708a21c2dc8e958a48aaa8bba13b27f77f6e4c0eca07e"
url = "https://github.com/jqlang/jq/releases/download/jq-1.8.2/jq-macos-arm64"
provenance = "github-attestations"

[tools.jq."platforms.macos-x64"]
checksum = "sha256:e94b266e3c26690550006abe63152b782280f4e14374accdf04cbde844f00bc0"
url = "https://github.com/jqlang/jq/releases/download/jq-1.8.2/jq-macos-amd64"
provenance = "github-attestations"

[tools.jq."platforms.windows-x64"]
checksum = "sha256:a6fc67fedaf9128a3309a1e2ebb8b986aeccf70122ee46d2cb4849e423f0c627"
url = "https://github.com/jqlang/jq/releases/download/jq-1.8.2/jq-windows-amd64.exe"
provenance = "github-attestations"

[[tools.just]]
version = "1.51.0"
backend = "aqua:casey/just"

[tools.just."platforms.linux-arm64"]
checksum = "sha256:ed7ec466b77709198fd4afed253dba0270203ba5eb1c006bee2b0139090284f5"
url = "https://github.com/casey/just/releases/download/1.51.0/just-1.51.0-aarch64-unknown-linux-musl.tar.gz"

[tools.just."platforms.linux-arm64-musl"]
checksum = "sha256:ed7ec466b77709198fd4afed253dba0270203ba5eb1c006bee2b0139090284f5"
url = "https://github.com/casey/just/releases/download/1.51.0/just-1.51.0-aarch64-unknown-linux-musl.tar.gz"

[tools.just."platforms.linux-x64"]
checksum = "sha256:c8f085ca3e885723c341d06243fc291b5abfdc8bbe3b2c076b117de490387b59"
url = "https://github.com/casey/just/releases/download/1.51.0/just-1.51.0-x86_64-unknown-linux-musl.tar.gz"

[tools.just."platforms.linux-x64-musl"]
checksum = "sha256:c8f085ca3e885723c341d06243fc291b5abfdc8bbe3b2c076b117de490387b59"
url = "https://github.com/casey/just/releases/download/1.51.0/just-1.51.0-x86_64-unknown-linux-musl.tar.gz"

[tools.just."platforms.macos-arm64"]
checksum = "sha256:61e3f1b8a545ff064b091eab4b6e14f8cc743ff15549be293b1e92f5b1467002"
url = "https://github.com/casey/just/releases/download/1.51.0/just-1.51.0-aarch64-apple-darwin.tar.gz"

[tools.just."platforms.macos-x64"]
checksum = "sha256:d583e45f1f9fcdd26069ad2fe3bb9dea414756d8d0752eb9093974cb5c0246f0"
url = "https://github.com/casey/just/releases/download/1.51.0/just-1.51.0-x86_64-apple-darwin.tar.gz"

[tools.just."platforms.windows-x64"]
checksum = "sha256:09d1138b6845e73f04bff5e26be3f57663bddca25e36fe6241d28a5aa310b64e"
url = "https://github.com/casey/just/releases/download/1.51.0/just-1.51.0-x86_64-pc-windows-msvc.zip"

[[tools.kubectl]]
version = "1.36.1"
backend = "aqua:kubernetes/kubernetes/kubectl"

[tools.kubectl."platforms.linux-arm64"]
checksum = "sha256:59f7ee8e477fae658447607dc3c8790ac17a1b016c01c622c12070e969e2d4e7"
url = "https://dl.k8s.io/v1.36.1/bin/linux/arm64/kubectl"

[tools.kubectl."platforms.linux-arm64-musl"]
checksum = "sha256:59f7ee8e477fae658447607dc3c8790ac17a1b016c01c622c12070e969e2d4e7"
url = "https://dl.k8s.io/v1.36.1/bin/linux/arm64/kubectl"

[tools.kubectl."platforms.linux-x64"]
checksum = "sha256:629d3f410e09bf49b64ae7079f7f0bda1191efed311f7d37fdbab0ad5b0ec2b7"
url = "https://dl.k8s.io/v1.36.1/bin/linux/amd64/kubectl"

[tools.kubectl."platforms.linux-x64-musl"]
checksum = "sha256:629d3f410e09bf49b64ae7079f7f0bda1191efed311f7d37fdbab0ad5b0ec2b7"
url = "https://dl.k8s.io/v1.36.1/bin/linux/amd64/kubectl"

[tools.kubectl."platforms.macos-arm64"]
checksum = "sha256:9092778abaef3079449da4cd70ded0e4be112480c93efcdeace3155968d1d133"
url = "https://dl.k8s.io/v1.36.1/bin/darwin/arm64/kubectl"

[tools.kubectl."platforms.macos-x64"]
checksum = "sha256:b4973e90ebb00537d735b63d6f8293c1959156e6ff435f6a43c08aeaa1a2e7d7"
url = "https://dl.k8s.io/v1.36.1/bin/darwin/amd64/kubectl"

[tools.kubectl."platforms.windows-x64"]
checksum = "sha256:538f4229eee91a17b34724da7daade7687393d6988e33b723c6c306572c13900"
url = "https://dl.k8s.io/v1.36.1/bin/windows/amd64/kubectl.exe"

[[tools.lazygit]]
version = "0.62.2"
backend = "aqua:jesseduffield/lazygit"

[tools.lazygit."platforms.linux-arm64"]
checksum = "sha256:9ab63dd75a7e9711c4c68a37d77f4334b8099a5d6a3f8fbe8f4e2768b159c9e9"
url = "https://github.com/jesseduffield/lazygit/releases/download/v0.62.2/lazygit_0.62.2_linux_arm64.tar.gz"

[tools.lazygit."platforms.linux-arm64-musl"]
checksum = "sha256:9ab63dd75a7e9711c4c68a37d77f4334b8099a5d6a3f8fbe8f4e2768b159c9e9"
url = "https://github.com/jesseduffield/lazygit/releases/download/v0.62.2/lazygit_0.62.2_linux_arm64.tar.gz"

[tools.lazygit."platforms.linux-x64"]
checksum = "sha256:8b9a4c2d0969cbea92b45c956dd2a44e1ba76900c9df49f1c60984045ce77984"
url = "https://github.com/jesseduffield/lazygit/releases/download/v0.62.2/lazygit_0.62.2_linux_x86_64.tar.gz"

[tools.lazygit."platforms.linux-x64-musl"]
checksum = "sha256:8b9a4c2d0969cbea92b45c956dd2a44e1ba76900c9df49f1c60984045ce77984"
url = "https://github.com/jesseduffield/lazygit/releases/download/v0.62.2/lazygit_0.62.2_linux_x86_64.tar.gz"

[tools.lazygit."platforms.macos-arm64"]
checksum = "sha256:f311d96b666b4865760e39f3967edfd7bf30b5d09e52a1bc7ae511f6bdfdd02c"
url = "https://github.com/jesseduffield/lazygit/releases/download/v0.62.2/lazygit_0.62.2_darwin_arm64.tar.gz"

[tools.lazygit."platforms.macos-x64"]
checksum = "sha256:21c276a94f8ddb55d8336df60d69a5b7509e7434024445b4d51d2a11bd6c76b6"
url = "https://github.com/jesseduffield/lazygit/releases/download/v0.62.2/lazygit_0.62.2_darwin_x86_64.tar.gz"

[tools.lazygit."platforms.windows-x64"]
checksum = "sha256:805bfcb2445273b77a32b7758dfb5d2d8dbd7b80b7336ab868935584a2fad0ba"
url = "https://github.com/jesseduffield/lazygit/releases/download/v0.62.2/lazygit_0.62.2_windows_x86_64.zip"

[[tools.make]]
version = "4.4.1"
backend = "conda:make"

[tools.make.options]
channel = "conda-forge"

[tools.make."platforms.linux-arm64"]
checksum = "sha256:d243aea768e6fa360b7eda598340f43d2a41c9fc169d9f97f505410be68815f8"
url = "https://conda.anaconda.org/conda-forge/linux-aarch64/make-4.4.1-h2a6d0cb_2.conda"
conda_deps = [
    "libgcc-15.2.0-h8acb6b2_19",
    "_openmp_mutex-4.5-20_gnu",
    "libgomp-15.2.0-h8acb6b2_19",
]

[tools.make."platforms.linux-arm64-musl"]
checksum = "sha256:d243aea768e6fa360b7eda598340f43d2a41c9fc169d9f97f505410be68815f8"
url = "https://conda.anaconda.org/conda-forge/linux-aarch64/make-4.4.1-h2a6d0cb_2.conda"
conda_deps = [
    "libgcc-15.2.0-h8acb6b2_19",
    "_openmp_mutex-4.5-20_gnu",
    "libgomp-15.2.0-h8acb6b2_19",
]

[tools.make."platforms.linux-x64"]
checksum = "sha256:d652c7bd4d3b6f82b0f6d063b0d8df6f54cc47531092d7ff008e780f3261bdda"
url = "https://conda.anaconda.org/conda-forge/linux-64/make-4.4.1-hb9d3cd8_2.conda"
conda_deps = [
    "libgcc-15.2.0-he0feb66_19",
    "_openmp_mutex-4.5-20_gnu",
    "libgomp-15.2.0-he0feb66_19",
]

[tools.make."platforms.linux-x64-musl"]
checksum = "sha256:d652c7bd4d3b6f82b0f6d063b0d8df6f54cc47531092d7ff008e780f3261bdda"
url = "https://conda.anaconda.org/conda-forge/linux-64/make-4.4.1-hb9d3cd8_2.conda"
conda_deps = [
    "libgcc-15.2.0-he0feb66_19",
    "_openmp_mutex-4.5-20_gnu",
    "libgomp-15.2.0-he0feb66_19",
]

[tools.make."platforms.windows-x64"]
checksum = "sha256:a810cdca3d5fa50d562cda23c0c1195b45ff5f9b0c41e0d4c8c2dd3c043ff4f2"
url = "https://conda.anaconda.org/conda-forge/win-64/make-4.4.1-h0e40799_2.conda"
conda_deps = [
    "libgcc-15.2.0-h8ee18e1_19",
    "libwinpthread-12.0.0.r4.gg4f2fc60ca-h57928b3_10",
    "ucrt-10.0.26100.0-h57928b3_0",
    "_openmp_mutex-4.5-20_gnu",
    "libgomp-15.2.0-h8ee18e1_19",
]

[[tools.neovim]]
version = "0.12.2"
backend = "vfox:mise-plugins/vfox-neovim"

[tools.neovim."platforms.linux-arm64"]
url = "https://github.com/neovim/neovim/releases/download/v0.12.2/nvim-linux-arm64.tar.gz"

[tools.neovim."platforms.linux-arm64-musl"]
url = "https://github.com/neovim/neovim/releases/download/v0.12.2/nvim-linux-arm64.tar.gz"

[tools.neovim."platforms.linux-x64"]
url = "https://github.com/neovim/neovim/releases/download/v0.12.2/nvim-linux-x86_64.tar.gz"

[tools.neovim."platforms.linux-x64-musl"]
url = "https://github.com/neovim/neovim/releases/download/v0.12.2/nvim-linux-x86_64.tar.gz"

[tools.neovim."platforms.macos-arm64"]
url = "https://github.com/neovim/neovim/releases/download/v0.12.2/nvim-macos-arm64.tar.gz"

[tools.neovim."platforms.macos-x64"]
url = "https://github.com/neovim/neovim/releases/download/v0.12.2/nvim-macos-x86_64.tar.gz"

[tools.neovim."platforms.windows-x64"]
url = "https://github.com/neovim/neovim/releases/download/v0.12.2/nvim-win64.zip"

[[tools."nix:erdtree"]]
version = "3.1.2"
backend = "nix:erdtree"

[[tools."nix:gcc"]]
version = "16.1.0"
backend = "nix:gcc"

[[tools."nix:gh-dash"]]
version = "4.24.1"
backend = "nix:gh-dash"

[[tools."nix:git-town"]]
version = "23.0.2"
backend = "nix:git-town"

[[tools."nix:gnumake"]]
version = "4.4.1"
backend = "nix:gnumake"

[[tools."nix:stow"]]
version = "2.4.1"
backend = "nix:stow"

[[tools."nix:tree-sitter"]]
version = "0.26.8"
backend = "nix:tree-sitter"

[[tools."nix:unzip"]]
version = "6.0"
backend = "nix:unzip"

[[tools."nix:xclip"]]
version = "0.13"
backend = "nix:xclip"

[[tools."nix:zsh"]]
version = "5.9.1"
backend = "nix:zsh"

[[tools.node]]
version = "22.22.3"
backend = "core:node"

[tools.node."platforms.linux-arm64"]
checksum = "sha256:cc8bc82b2dd0b595c3b95a4c3c9c8c350907cff011afbdee3d1379e812e1e3e3"
url = "https://nodejs.org/dist/v22.22.3/node-v22.22.3-linux-arm64.tar.gz"

[tools.node."platforms.linux-arm64-musl"]
checksum = "sha256:09c87acbafae65e18fcc0eb188376c1254cab74dc769118f4b60479c5fa326cf"
url = "https://unofficial-builds.nodejs.org/download/release/v22.22.3/node-v22.22.3-linux-arm64-musl.tar.gz"

[tools.node."platforms.linux-x64"]
checksum = "sha256:c7a10d6816da8eaaa7534dd73c71c6e2b2c391dbbf845e364902d156615dd1b8"
url = "https://nodejs.org/dist/v22.22.3/node-v22.22.3-linux-x64.tar.gz"

[tools.node."platforms.linux-x64-musl"]
checksum = "sha256:d227692583d6ae17c44028fd8f17cb1b3672167a6baa035818240cbb9db6ea4a"
url = "https://unofficial-builds.nodejs.org/download/release/v22.22.3/node-v22.22.3-linux-x64-musl.tar.gz"

[tools.node."platforms.macos-arm64"]
checksum = "sha256:0da7ff74ef8611328c8212f17943368713a2ad953fb7d89a8c8a0eae87c23207"
url = "https://nodejs.org/dist/v22.22.3/node-v22.22.3-darwin-arm64.tar.gz"

[tools.node."platforms.macos-x64"]
checksum = "sha256:45830ba752fa0d892c6dcd640946669801293cac820a33591ded40ac075198ec"
url = "https://nodejs.org/dist/v22.22.3/node-v22.22.3-darwin-x64.tar.gz"

[tools.node."platforms.windows-x64"]
checksum = "sha256:6c8d54f635feff4df76c2ca80f45332eb2ff57d25226edce36592e51a177ee33"
url = "https://nodejs.org/dist/v22.22.3/node-v22.22.3-win-x64.zip"

[[tools."npm:corepack"]]
version = "0.35.0"
backend = "npm:corepack"

[[tools."npm:markdownlint-cli"]]
version = "0.48.0"
backend = "npm:markdownlint-cli"

[[tools."npm:oxfmt"]]
version = "0.54.0"
backend = "npm:oxfmt"

[[tools."npm:oxlint"]]
version = "1.69.0"
backend = "npm:oxlint"

[[tools."npm:playwriter"]]
version = "0.4.0"
backend = "npm:playwriter"

[[tools."npm:pnpm"]]
version = "11.5.2"
backend = "npm:pnpm"

[[tools.oh-my-posh]]
version = "29.14.0"
backend = "aqua:JanDeDobbeleer/oh-my-posh"

[tools.oh-my-posh."platforms.linux-arm64"]
checksum = "sha256:96cbdfe6892c8d955e5aef5f64322dd0947db1d3328c99873e8d0a6d2914c395"
url = "https://github.com/JanDeDobbeleer/oh-my-posh/releases/download/v29.14.0/posh-linux-arm64"

[tools.oh-my-posh."platforms.linux-arm64-musl"]
checksum = "sha256:96cbdfe6892c8d955e5aef5f64322dd0947db1d3328c99873e8d0a6d2914c395"
url = "https://github.com/JanDeDobbeleer/oh-my-posh/releases/download/v29.14.0/posh-linux-arm64"

[tools.oh-my-posh."platforms.linux-x64"]
checksum = "sha256:7f345282675ab5e93edea15975642b55f3639ce5e0f0f39dfdb9fecb4c025e02"
url = "https://github.com/JanDeDobbeleer/oh-my-posh/releases/download/v29.14.0/posh-linux-amd64"

[tools.oh-my-posh."platforms.linux-x64-musl"]
checksum = "sha256:7f345282675ab5e93edea15975642b55f3639ce5e0f0f39dfdb9fecb4c025e02"
url = "https://github.com/JanDeDobbeleer/oh-my-posh/releases/download/v29.14.0/posh-linux-amd64"

[tools.oh-my-posh."platforms.macos-arm64"]
checksum = "sha256:26175b7d4be75987f242cda829ff996c2da0f834ac916844251d5be646be4d6a"
url = "https://github.com/JanDeDobbeleer/oh-my-posh/releases/download/v29.14.0/posh-darwin-arm64"

[tools.oh-my-posh."platforms.macos-x64"]
checksum = "sha256:4f816e2d5b09f7915780fb52a146ec6cb00e4568815bcaf593b474bb23243a83"
url = "https://github.com/JanDeDobbeleer/oh-my-posh/releases/download/v29.14.0/posh-darwin-amd64"

[tools.oh-my-posh."platforms.windows-x64"]
checksum = "sha256:8e7077ac1f4fb34daf62b1a25a84bf28f338f4533f13feed9b10ca6f675993b0"
url = "https://github.com/JanDeDobbeleer/oh-my-posh/releases/download/v29.14.0/posh-windows-amd64.exe"

[[tools.opencode]]
version = "1.17.3"
backend = "aqua:anomalyco/opencode"

[tools.opencode."platforms.linux-arm64"]
checksum = "sha256:861b8c66ced51d6d9a66ea773ce47ede663a44bd17d837b9c21acfa3468801e5"
url = "https://github.com/anomalyco/opencode/releases/download/v1.17.3/opencode-linux-arm64.tar.gz"

[tools.opencode."platforms.linux-arm64-musl"]
checksum = "sha256:580485f3d66ecef1ddbfe6d391b6d3f2040b05b72a330080890c4b58cece433a"
url = "https://github.com/anomalyco/opencode/releases/download/v1.17.3/opencode-linux-arm64-musl.tar.gz"

[tools.opencode."platforms.linux-x64"]
checksum = "sha256:d4bd238a2c1ff56aca1cd3397d21a0a317f5992234517a7f8e2afbbd72010a7d"
url = "https://github.com/anomalyco/opencode/releases/download/v1.17.3/opencode-linux-x64.tar.gz"

[tools.opencode."platforms.linux-x64-musl"]
checksum = "sha256:1af9231aca7043d236b077467d85e3ff3e5bff60082c6107823cf08d23ebe717"
url = "https://github.com/anomalyco/opencode/releases/download/v1.17.3/opencode-linux-x64-musl.tar.gz"

[tools.opencode."platforms.macos-arm64"]
checksum = "sha256:b49948f96d8e92c577d54854e2f038389d03c3dfbbeacc44643b73123210fd13"
url = "https://github.com/anomalyco/opencode/releases/download/v1.17.3/opencode-darwin-arm64.zip"

[tools.opencode."platforms.macos-x64"]
checksum = "sha256:3bfa67a567dee440a8800e21ba0b208e8c74d6400a7dfae35eb900f815a90f81"
url = "https://github.com/anomalyco/opencode/releases/download/v1.17.3/opencode-darwin-x64.zip"

[tools.opencode."platforms.windows-x64"]
checksum = "sha256:f7fcfa41e85ed1444b1908177e313c5b962b200c12dc17e4f123f8cbc4dd46a1"
url = "https://github.com/anomalyco/opencode/releases/download/v1.17.3/opencode-windows-x64.zip"

[[tools.pi]]
version = "0.79.0"
backend = "github:earendil-works/pi"

[tools.pi."platforms.linux-arm64"]
checksum = "sha256:92a9fab642847f7d22bb5014b5f40a7165d7acd6e1e504e47ca14242bc4885b8"
url = "https://github.com/earendil-works/pi/releases/download/v0.79.0/pi-linux-arm64.tar.gz"
url_api = "https://api.github.com/repos/earendil-works/pi/releases/assets/441852999"

[tools.pi."platforms.linux-arm64-musl"]
checksum = "sha256:92a9fab642847f7d22bb5014b5f40a7165d7acd6e1e504e47ca14242bc4885b8"
url = "https://github.com/earendil-works/pi/releases/download/v0.79.0/pi-linux-arm64.tar.gz"
url_api = "https://api.github.com/repos/earendil-works/pi/releases/assets/441852999"

[tools.pi."platforms.linux-x64"]
checksum = "sha256:0c92e73a0cd8c0d4060e29dbe677071917461703edd2c0e81ea80c14c32a0daa"
url = "https://github.com/earendil-works/pi/releases/download/v0.79.0/pi-linux-x64.tar.gz"
url_api = "https://api.github.com/repos/earendil-works/pi/releases/assets/441853004"

[tools.pi."platforms.linux-x64-musl"]
checksum = "sha256:0c92e73a0cd8c0d4060e29dbe677071917461703edd2c0e81ea80c14c32a0daa"
url = "https://github.com/earendil-works/pi/releases/download/v0.79.0/pi-linux-x64.tar.gz"
url_api = "https://api.github.com/repos/earendil-works/pi/releases/assets/441853004"

[tools.pi."platforms.macos-arm64"]
checksum = "sha256:7d8ea65dbbf4e1ef0f309fb17e21780c6d61e20334c66135e5513ceac230584a"
url = "https://github.com/earendil-works/pi/releases/download/v0.79.0/pi-darwin-arm64.tar.gz"
url_api = "https://api.github.com/repos/earendil-works/pi/releases/assets/441853001"

[tools.pi."platforms.macos-x64"]
checksum = "sha256:89d6225488c855bfeacd8f2fe8645b10defd91aeabf7f04273ee950668e8e2ef"
url = "https://github.com/earendil-works/pi/releases/download/v0.79.0/pi-darwin-x64.tar.gz"
url_api = "https://api.github.com/repos/earendil-works/pi/releases/assets/441853003"

[tools.pi."platforms.windows-x64"]
checksum = "sha256:84d46dd580671560a11236ef659c21bd18a3f94b881731396702ca28339c27d4"
url = "https://github.com/earendil-works/pi/releases/download/v0.79.0/pi-windows-x64.zip"
url_api = "https://api.github.com/repos/earendil-works/pi/releases/assets/441853002"

[[tools."pipx:azure-cli"]]
version = "2.87.0"
backend = "pipx:azure-cli"

[tools."pipx:azure-cli".options]
uvx_args = "--prerelease=allow"

[[tools."pipx:basedpyright"]]
version = "1.39.7"
backend = "pipx:basedpyright"

[[tools."pipx:ruff"]]
version = "0.15.16"
backend = "pipx:ruff"

[[tools.ripgrep]]
version = "15.1.0"
backend = "aqua:BurntSushi/ripgrep"

[tools.ripgrep."platforms.linux-arm64"]
checksum = "sha256:2b661c6ef508e902f388e9098d9c4c5aca72c87b55922d94abdba830b4dc885e"
url = "https://github.com/BurntSushi/ripgrep/releases/download/15.1.0/ripgrep-15.1.0-aarch64-unknown-linux-gnu.tar.gz"

[tools.ripgrep."platforms.linux-x64"]
checksum = "sha256:1c9297be4a084eea7ecaedf93eb03d058d6faae29bbc57ecdaf5063921491599"
url = "https://github.com/BurntSushi/ripgrep/releases/download/15.1.0/ripgrep-15.1.0-x86_64-unknown-linux-musl.tar.gz"

[tools.ripgrep."platforms.linux-x64-musl"]
checksum = "sha256:1c9297be4a084eea7ecaedf93eb03d058d6faae29bbc57ecdaf5063921491599"
url = "https://github.com/BurntSushi/ripgrep/releases/download/15.1.0/ripgrep-15.1.0-x86_64-unknown-linux-musl.tar.gz"

[tools.ripgrep."platforms.macos-arm64"]
checksum = "sha256:378e973289176ca0c6054054ee7f631a065874a352bf43f0fa60ef079b6ba715"
url = "https://github.com/BurntSushi/ripgrep/releases/download/15.1.0/ripgrep-15.1.0-aarch64-apple-darwin.tar.gz"

[tools.ripgrep."platforms.macos-x64"]
checksum = "sha256:64811cb24e77cac3057d6c40b63ac9becf9082eedd54ca411b475b755d334882"
url = "https://github.com/BurntSushi/ripgrep/releases/download/15.1.0/ripgrep-15.1.0-x86_64-apple-darwin.tar.gz"

[tools.ripgrep."platforms.windows-x64"]
checksum = "sha256:124510b94b6baa3380d051fdf4650eaa80a302c876d611e9dba0b2e18d87493a"
url = "https://github.com/BurntSushi/ripgrep/releases/download/15.1.0/ripgrep-15.1.0-x86_64-pc-windows-msvc.zip"

[[tools.uv]]
version = "0.11.19"
backend = "aqua:astral-sh/uv"

[tools.uv."platforms.linux-arm64"]
checksum = "sha256:767629b64cdf078c32e42819db28d5ca868b8dc7e3a879967fadc3e4f7f66be3"
url = "https://github.com/astral-sh/uv/releases/download/0.11.19/uv-aarch64-unknown-linux-musl.tar.gz"
provenance = "github-attestations"

[tools.uv."platforms.linux-arm64-musl"]
checksum = "sha256:767629b64cdf078c32e42819db28d5ca868b8dc7e3a879967fadc3e4f7f66be3"
url = "https://github.com/astral-sh/uv/releases/download/0.11.19/uv-aarch64-unknown-linux-musl.tar.gz"
provenance = "github-attestations"

[tools.uv."platforms.linux-x64"]
checksum = "sha256:c4c0d0a383413261af5f0f0743e1292f4aafbe907987ed83bd0ac66f0a3d7e20"
url = "https://github.com/astral-sh/uv/releases/download/0.11.19/uv-x86_64-unknown-linux-musl.tar.gz"
provenance = "github-attestations"

[tools.uv."platforms.linux-x64-musl"]
checksum = "sha256:c4c0d0a383413261af5f0f0743e1292f4aafbe907987ed83bd0ac66f0a3d7e20"
url = "https://github.com/astral-sh/uv/releases/download/0.11.19/uv-x86_64-unknown-linux-musl.tar.gz"
provenance = "github-attestations"

[tools.uv."platforms.macos-arm64"]
checksum = "sha256:d8f59c38e8c4168ee468d423cd63184be12fa6995a4283d41ee1a14d003c9453"
url = "https://github.com/astral-sh/uv/releases/download/0.11.19/uv-aarch64-apple-darwin.tar.gz"
provenance = "github-attestations"

[tools.uv."platforms.macos-x64"]
checksum = "sha256:1585f415cade9f061e7f00fe5b00030a79ccfac60c650242ce639ba946138d40"
url = "https://github.com/astral-sh/uv/releases/download/0.11.19/uv-x86_64-apple-darwin.tar.gz"
provenance = "github-attestations"

[tools.uv."platforms.windows-x64"]
checksum = "sha256:1665fc8e37b5d70a134820d6d7891747471a2ac8bc940ee7af0b69fd03b28d61"
url = "https://github.com/astral-sh/uv/releases/download/0.11.19/uv-x86_64-pc-windows-msvc.zip"
provenance = "github-attestations"

[[tools.vite-plus]]
version = "0.1.24"
backend = "vfox:vite-plus"

[tools.vite-plus."platforms.linux-arm64"]
url = "https://registry.npmjs.org/@voidzero-dev/vite-plus-cli-linux-arm64-gnu/-/vite-plus-cli-linux-arm64-gnu-0.1.24.tgz"

[tools.vite-plus."platforms.linux-arm64-musl"]
url = "https://registry.npmjs.org/@voidzero-dev/vite-plus-cli-linux-arm64-gnu/-/vite-plus-cli-linux-arm64-gnu-0.1.24.tgz"

[tools.vite-plus."platforms.linux-x64"]
url = "https://registry.npmjs.org/@voidzero-dev/vite-plus-cli-linux-x64-gnu/-/vite-plus-cli-linux-x64-gnu-0.1.24.tgz"

[tools.vite-plus."platforms.linux-x64-musl"]
url = "https://registry.npmjs.org/@voidzero-dev/vite-plus-cli-linux-x64-gnu/-/vite-plus-cli-linux-x64-gnu-0.1.24.tgz"

[tools.vite-plus."platforms.macos-arm64"]
url = "https://registry.npmjs.org/@voidzero-dev/vite-plus-cli-darwin-arm64/-/vite-plus-cli-darwin-arm64-0.1.24.tgz"

[tools.vite-plus."platforms.macos-x64"]
url = "https://registry.npmjs.org/@voidzero-dev/vite-plus-cli-darwin-x64/-/vite-plus-cli-darwin-x64-0.1.24.tgz"

[tools.vite-plus."platforms.windows-x64"]
url = "https://registry.npmjs.org/@voidzero-dev/vite-plus-cli-win32-x64-msvc/-/vite-plus-cli-win32-x64-msvc-0.1.24.tgz"

[[tools.worktrunk]]
version = "0.56.0"
backend = "aqua:max-sixty/worktrunk"

[tools.worktrunk."platforms.linux-arm64"]
checksum = "sha256:fc161f215a2145ff77a37e5f53adabefd99af71cbcda8027c03bb3144fcbf797"
url = "https://github.com/max-sixty/worktrunk/releases/download/v0.56.0/worktrunk-aarch64-unknown-linux-musl.tar.xz"

[tools.worktrunk."platforms.linux-arm64-musl"]
checksum = "sha256:fc161f215a2145ff77a37e5f53adabefd99af71cbcda8027c03bb3144fcbf797"
url = "https://github.com/max-sixty/worktrunk/releases/download/v0.56.0/worktrunk-aarch64-unknown-linux-musl.tar.xz"

[tools.worktrunk."platforms.linux-x64"]
checksum = "sha256:efa0e6370c8cb18ee49c9f5015c9b1126def4597a86fe13b169a97f780da5147"
url = "https://github.com/max-sixty/worktrunk/releases/download/v0.56.0/worktrunk-x86_64-unknown-linux-musl.tar.xz"

[tools.worktrunk."platforms.linux-x64-musl"]
checksum = "sha256:efa0e6370c8cb18ee49c9f5015c9b1126def4597a86fe13b169a97f780da5147"
url = "https://github.com/max-sixty/worktrunk/releases/download/v0.56.0/worktrunk-x86_64-unknown-linux-musl.tar.xz"

[tools.worktrunk."platforms.macos-arm64"]
checksum = "sha256:b4e9e602f1e759b7c39f4a593110c4df105287616e0b0556a30f5adf46b2d494"
url = "https://github.com/max-sixty/worktrunk/releases/download/v0.56.0/worktrunk-aarch64-apple-darwin.tar.xz"

[tools.worktrunk."platforms.macos-x64"]
checksum = "sha256:43ccb2869be688cdcfb36611c570f2d1538b1e0ca86e6bf9d15509f164de83b1"
url = "https://github.com/max-sixty/worktrunk/releases/download/v0.56.0/worktrunk-x86_64-apple-darwin.tar.xz"

[tools.worktrunk."platforms.windows-x64"]
checksum = "sha256:24d081d482a4d3f23ef686eb1cfd4f0e74cd3d4fa2d577732785181ea9b72463"
url = "https://github.com/max-sixty/worktrunk/releases/download/v0.56.0/worktrunk-x86_64-pc-windows-msvc.zip"

[[tools.yazi]]
version = "26.5.6"
backend = "aqua:sxyazi/yazi"

[tools.yazi."platforms.linux-arm64"]
checksum = "sha256:dff4a6774069bdde616c3cd145275b462a5887229cd9bf6341e78063da37e84f"
url = "https://github.com/sxyazi/yazi/releases/download/v26.5.6/yazi-aarch64-unknown-linux-musl.zip"

[tools.yazi."platforms.linux-arm64-musl"]
checksum = "sha256:dff4a6774069bdde616c3cd145275b462a5887229cd9bf6341e78063da37e84f"
url = "https://github.com/sxyazi/yazi/releases/download/v26.5.6/yazi-aarch64-unknown-linux-musl.zip"

[tools.yazi."platforms.linux-x64"]
checksum = "sha256:1031a02560d053301537195a6661d227c15cb4ce5c30481050b31e2b88681bff"
url = "https://github.com/sxyazi/yazi/releases/download/v26.5.6/yazi-x86_64-unknown-linux-musl.zip"

[tools.yazi."platforms.linux-x64-musl"]
checksum = "sha256:1031a02560d053301537195a6661d227c15cb4ce5c30481050b31e2b88681bff"
url = "https://github.com/sxyazi/yazi/releases/download/v26.5.6/yazi-x86_64-unknown-linux-musl.zip"

[tools.yazi."platforms.macos-arm64"]
checksum = "sha256:7abd71725e2fe27bed036becbf6ce79fa17964eb68491d34190011c94b8c7ca8"
url = "https://github.com/sxyazi/yazi/releases/download/v26.5.6/yazi-aarch64-apple-darwin.zip"

[tools.yazi."platforms.macos-x64"]
checksum = "sha256:6846066f992c1688d8ec77431a3ab53f5ef268019fcef86e5649b8c27010868d"
url = "https://github.com/sxyazi/yazi/releases/download/v26.5.6/yazi-x86_64-apple-darwin.zip"

[tools.yazi."platforms.windows-x64"]
checksum = "sha256:6c6c52a4b2648e179f917bdaa7c57e793d18561b380a8bfa025f10cd1b9b2ad1"
url = "https://github.com/sxyazi/yazi/releases/download/v26.5.6/yazi-x86_64-pc-windows-msvc.zip"

[[tools.zoxide]]
version = "0.9.9"
backend = "aqua:ajeetdsouza/zoxide"

[tools.zoxide."platforms.linux-arm64"]
checksum = "sha256:96e6ea2e47a71db42cb7ad5a36e9209c8cb3708f8ae00f6945573d0d93315cb0"
url = "https://github.com/ajeetdsouza/zoxide/releases/download/v0.9.9/zoxide-0.9.9-aarch64-unknown-linux-musl.tar.gz"

[tools.zoxide."platforms.linux-arm64-musl"]
checksum = "sha256:96e6ea2e47a71db42cb7ad5a36e9209c8cb3708f8ae00f6945573d0d93315cb0"
url = "https://github.com/ajeetdsouza/zoxide/releases/download/v0.9.9/zoxide-0.9.9-aarch64-unknown-linux-musl.tar.gz"

[tools.zoxide."platforms.linux-x64"]
checksum = "sha256:4ff057d3c4d957946937274c2b8be7af2a9bbae7f90a1b5e9baaa7cb65a20caa"
url = "https://github.com/ajeetdsouza/zoxide/releases/download/v0.9.9/zoxide-0.9.9-x86_64-unknown-linux-musl.tar.gz"

[tools.zoxide."platforms.linux-x64-musl"]
checksum = "sha256:4ff057d3c4d957946937274c2b8be7af2a9bbae7f90a1b5e9baaa7cb65a20caa"
url = "https://github.com/ajeetdsouza/zoxide/releases/download/v0.9.9/zoxide-0.9.9-x86_64-unknown-linux-musl.tar.gz"

[tools.zoxide."platforms.macos-arm64"]
checksum = "sha256:57e733d0436309dae2ed97e46bba43937209395298e1d88812d4e893900cb40a"
url = "https://github.com/ajeetdsouza/zoxide/releases/download/v0.9.9/zoxide-0.9.9-aarch64-apple-darwin.tar.gz"

[tools.zoxide."platforms.macos-x64"]
checksum = "sha256:364249cff18354397c72ebb6b8f7358404c051c486e0f2f7a46e36c86c16f8c7"
url = "https://github.com/ajeetdsouza/zoxide/releases/download/v0.9.9/zoxide-0.9.9-x86_64-apple-darwin.tar.gz"

[tools.zoxide."platforms.windows-x64"]
checksum = "sha256:5af00d0916f05631e3030537289eac56605e7c1733318c4d525c8e847f12496d"
url = "https://github.com/ajeetdsouza/zoxide/releases/download/v0.9.9/zoxide-0.9.9-x86_64-pc-windows-msvc.zip"
